{
  "lockfileVersion": 1,
  "configVersion": 1,
  "workspaces": {
    "": {
      "name": "brigada",
      "devDependencies": {
        "@biomejs/biome": "^2.5.14",
        "lefthook": "^2.1.14",
        "turbo": "^2.10.13",
        "typescript": "catalog:",
      },
    },
    "packages/env": {
      "name": "@brigada/env",
      "version": "0.0.0",
      "dependencies": {
        "@t3-oss/env-core": "^0.13.8",
        "zod": "catalog:",
      },
      "devDependencies": {
        "@brigada/typescript-config": "workspace:*",
        "@types/bun": "catalog:",
        "typescript": "catalog:",
      },
    },
    "packages/typescript-config": {
      "name": "@brigada/typescript-config",
      "version": "0.0.0",
    },
  },
  "catalog": {
    "@types/bun": "1.4.2",
    "typescript": "^5.9.2",
    "zod": "^4.1.5",
  },
  "packages": {
    "@biomejs/biome": ["@biomejs/biome@2.5.14", "", { "optionalDependencies": { "@biomejs/cli-darwin-arm64": "2.5.14", "@biomejs/cli-darwin-x64": "2.5.14", "@biomejs/cli-linux-arm64": "2.5.14", "@biomejs/cli-linux-arm64-musl": "2.5.14", "@biomejs/cli-linux-x64": "2.5.14", "@biomejs/cli-linux-x64-musl": "2.5.14", "@biomejs/cli-win32-arm64": "2.5.14", "@biomejs/cli-win32-x64": "2.5.14" }, "bin": { "biome": "bin/biome" } }, "sha512-0FabLIjd4M/dm8VFI86RMaLLdgepzbdfiAL2R8cr7V81OYYrP1w7Z73KfAwPK5h9SrEBXTzNG2y+mBwPo9xRnw=="],

    "@biomejs/cli-darwin-arm64": ["@biomejs/cli-darwin-arm64@2.5.14", "", { "os": "darwin", "cpu": "arm64" }, "sha512-UnzaXO65L4tsZimFITFP2M121GyhDcWFrT3pL5ZJ5U4XcS/0L5VHYytVohdCf/gnDUFHgl2I9xnt5bV/J1kxHQ=="],

    "@biomejs/cli-darwin-x64": ["@biomejs/cli-darwin-x64@2.5.14", "", { "os": "darwin", "cpu": "x64" }, "sha512-kiy8qA16K93J7uvFfWi4LgjqDpnRKyePAna6A0Y4jxyUga35SYpIZ2cNWlhy0lsfgqRenCpfymnJWEZ6mgpRgA=="],

    "@biomejs/cli-linux-arm64": ["@biomejs/cli-linux-arm64@2.5.14", "", { "os": "linux", "cpu": "arm64" }, "sha512-vO/9BaU1n30CiFNLx49gMTMtbCAAqlo/EqFoG0BU3deQInTbJrmXSmTQ9e3FoDZIKQnvSLDVNL4lx1ci7y1T1Q=="],

    "@biomejs/cli-linux-arm64-musl": ["@biomejs/cli-linux-arm64-musl@2.5.14", "", { "os": "linux", "cpu": "arm64" }, "sha512-SJ9PrZkBnnH9dHJDnxk34vKs0GB2dbsioaft6/hPhWJ7AHpwYH83Isnhj0FSRpFkGgpVfJ1lds23ApB2czUDLQ=="],

    "@biomejs/cli-linux-x64": ["@biomejs/cli-linux-x64@2.5.14", "", { "os": "linux", "cpu": "x64" }, "sha512-VHZRa7CCQBUWKxNwUvHJeuW03WFRgN5NWO//SDGOitc9QIeNyfA42V9zlKm+x82xFSG9Bzi5fi+hbhm9anO8yA=="],

    "@biomejs/cli-linux-x64-musl": ["@biomejs/cli-linux-x64-musl@2.5.14", "", { "os": "linux", "cpu": "x64" }, "sha512-2kI5PrMgW5dcEZYrstLPmUmCwkUwZY39rP4BN93Vxbwcs2O57LDQOktUZZYPvvspN5i0mhGr3TJtF5sU26NUWg=="],

    "@biomejs/cli-win32-arm64": ["@biomejs/cli-win32-arm64@2.5.14", "", { "os": "win32", "cpu": "arm64" }, "sha512-pHgAFffmZtaYoxavEsWEYNvcA7NwOIjLyqw2HXyLbt16xYryX0L4fMV2u0G9ag6LNYPIoqWaWqzUcnc6rLGGXg=="],

    "@biomejs/cli-win32-x64": ["@biomejs/cli-win32-x64@2.5.14", "", { "os": "win32", "cpu": "x64" }, "sha512-oJWmBhoHsnhUKIke+0gXDX0mltJrWHA1UyHsrTlXwX0TL64ilVZAo+TYZm97baecV0esBdpzy3k96q+09JaZUQ=="],

    "@brigada/env": ["@brigada/env@workspace:packages/env"],

    "@brigada/typescript-config": ["@brigada/typescript-config@workspace:packages/typescript-config"],

    "@t3-oss/env-core": ["@t3-oss/env-core@0.13.11", "", { "peerDependencies": { "arktype": "^2.1.0", "typescript": ">=5.0.0", "valibot": "^1.0.0-beta.7 || ^1.0.0", "zod": "^3.24.0 || ^4.0.0" }, "optionalPeers": ["arktype", "typescript", "valibot", "zod"] }, "sha512-sM7GYY+KL7H/Hl0BE0inWfk3nRHZOLhmVn7sHGxaZt9FAR6KqREXAE+6TqKfiavfXmpRxO/OZ2QgKRd+oiBYRQ=="],

    "@turbo/darwin-64": ["@turbo/darwin-64@2.10.13", "", { "os": "darwin", "cpu": "x64" }, "sha512-m5DBcpkxmcKpEJHHFUfqf9GLUjSmw3cDnBJM9nghPW3kjCNb5OyNKmzG7/yT5x5AwzOO+HMwKN+UI4iVKL87YA=="],

    "@turbo/darwin-arm64": ["@turbo/darwin-arm64@2.10.13", "", { "os": "darwin", "cpu": "arm64" }, "sha512-vfKPvSuoY8BJGj8M8yN+a7aq1g+CejbEacDSDlJLDkSbPN3J/U1DbYAmPG8Ype5XvImI0SgfvUhIorNnFj67zw=="],

    "@turbo/linux-64": ["@turbo/linux-64@2.10.13", "", { "os": [ "linux", "android", ], "cpu": "x64" }, "sha512-Zp0N5M6j9iEjJtFLTA2L+52TLuYy0VbXT3zLZzfMeqqdKSUJ7pDo2pA1NhqjoQcF2dIsktZ8xZRW3pGI6T81fw=="],

    "@turbo/linux-arm64": ["@turbo/linux-arm64@2.10.13", "", { "os": [ "linux", "android", ], "cpu": "arm64" }, "sha512-M8XcfWdS2D4EP3wzd5ehUyCANucMIOsRE6gZuV0Mr2NIn+FpsUjXFCh7r9HY7GnNcjXH4tUnT76OsCDg2c0Fng=="],

    "@turbo/windows-64": ["@turbo/windows-64@2.10.13", "", { "os": "win32", "cpu": "x64" }, "sha512-QFd3KBMpBBCc31TbxMnxgdBivie8lxJXV8EqmanH8fg8l2e1BdCLWpZJbxk48VNvcF4LHUnwO0FJOq+veKN1cw=="],

    "@turbo/windows-arm64": ["@turbo/windows-arm64@2.10.13", "", { "os": "win32", "cpu": "arm64" }, "sha512-rM+cFO1P8iAHXdasOdMyK9nDk0UGII7VEFLIA8+jwv/+rh48pnVBbF2OSjJDBOw57pxNLIOEDA0JyKcarTBcIw=="],

    "@types/bun": ["@types/bun@1.4.2", "", { "dependencies": { "bun-types": "1.4.2" } }, "sha512-GimotNn7+ZV0uVArItBbriZsR1oNf0+WTzPkdcFrzShI7k2norL0uzEaJT8T33dWr7O/c9ZDuAFQrctKCi72oQ=="],

    "@types/node": ["@types/node@22.20.3", "", { "dependencies": { "undici-types": "~6.21.0" } }, "sha512-DZmzkmwHzXrLPAXPyKNDzlIwMMUZCVacoD25ywdy5YTKGbOx/2ld+Q38Im2zJ0vBuZP5Prd3VZutKZyXwkOS8A=="],

    "bun-types": ["bun-types@1.4.2", "", { "dependencies": { "@types/node": "*" } }, "sha512-bxV1FgK7yBIzjRe5zBozIM4Bem11ZJcCXSrjWRG3YWLt8yFDePu4cLjpebO8OvPeIE9trbyPF4fuj3Cia4Fj3w=="],

    "lefthook": ["lefthook@2.1.14", "", { "optionalDependencies": { "lefthook-darwin-arm64": "2.1.14", "lefthook-darwin-x64": "2.1.14", "lefthook-freebsd-arm64": "2.1.14", "lefthook-freebsd-x64": "2.1.14", "lefthook-linux-arm64": "2.1.14", "lefthook-linux-x64": "2.1.14", "lefthook-openbsd-arm64": "2.1.14", "lefthook-openbsd-x64": "2.1.14", "lefthook-windows-arm64": "2.1.14", "lefthook-windows-x64": "2.1.14" }, "bin": { "lefthook": "bin/index.js" } }, "sha512-Y9TL1dmpRlIdSp73SJ6bb+xAZ4s2SinGTK3pgC9PRWMSjMr2iOfowPGnlSOfAo5fu6S5rdiItsQDxeLEWCGk4g=="],

    "lefthook-darwin-arm64": ["lefthook-darwin-arm64@2.1.14", "", { "os": "darwin", "cpu": "arm64" }, "sha512-VMUAqY81+8ph7Mc0iROd3JWqj2sOuK7SYDyd8ZgzYVKChCt+Nnz8ehd4gUwprJy7QI28IFSUh1M3wnIRiYh+fA=="],

    "lefthook-darwin-x64": ["lefthook-darwin-x64@2.1.14", "", { "os": "darwin", "cpu": "x64" }, "sha512-uSmjcPRU+yB+D6vk+u6WJDnyHlB+XIv1QZw97N2+qNGG2bNSLH/7MuJ6puCdJv+lVPBEO5wBjE3JIbaEzPOQCw=="],

    "lefthook-freebsd-arm64": ["lefthook-freebsd-arm64@2.1.14", "", { "os": "freebsd", "cpu": "arm64" }, "sha512-po/pmjbp/7BjE9RFfeDnh+CeNsA0d+utppOYKB425I7mgI1GcmT8GAZ9DDut4DIutNjVqKL/lzrj+F87Gm40Rg=="],

    "lefthook-freebsd-x64": ["lefthook-freebsd-x64@2.1.14", "", { "os": "freebsd", "cpu": "x64" }, "sha512-+KiXiFjJf7YdHUYjzhDsklcA5bAFZN+pNcz/NbBftrhVTwzNALNoK+SYEKt+9QJsrzL6tpDWmHHFpeLGp+8t8w=="],

    "lefthook-linux-arm64": ["lefthook-linux-arm64@2.1.14", "", { "os": "linux", "cpu": "arm64" }, "sha512-bjeJB16ftJaPWGTedssh8ZrqRy1ACfQuTV7a0O3NU1FoIsJtfHOm0o0mV4cPf4q+ZCVCwq1Xf2I11qUpuJFV4Q=="],

    "lefthook-linux-x64": ["lefthook-linux-x64@2.1.14", "", { "os": "linux", "cpu": "x64" }, "sha512-gYExzjU2w3uKrP1MklbHENS1cXUdCQRIiEJkykI7q4RjhIHi+mQEUAZLxZw93a6jE2pNWaO0me5tB8EbEt4/GQ=="],

    "lefthook-openbsd-arm64": ["lefthook-openbsd-arm64@2.1.14", "", { "os": "openbsd", "cpu": "arm64" }, "sha512-MCW76gTlEMBF3Ds8O63UTxjaSguha/5zT0U3Vr719I1sXueSpttfRmm/5YfIB4MygB116yA/Vi+DsizT/X0kcg=="],

    "lefthook-openbsd-x64": ["lefthook-openbsd-x64@2.1.14", "", { "os": "openbsd", "cpu": "x64" }, "sha512-salAc1PAhLI6xrB9pth5UxALQlTOGvZAfaAvgFwixhkdu8D//uW8zS3faFq31ktd1bDAy5wDI8p9yg+fF5+2uA=="],

    "lefthook-windows-arm64": ["lefthook-windows-arm64@2.1.14", "", { "os": "win32", "cpu": "arm64" }, "sha512-q3JC6lBrYLzkhXEhfnmFxJF47gSd5JeDweH3aNrHoLGX/KkRiOrk9RSyoRwSuGq03EYxSkJhl1FLj2GUxF7VqQ=="],

    "lefthook-windows-x64": ["lefthook-windows-x64@2.1.14", "", { "os": "win32", "cpu": "x64" }, "sha512-WwIxdwW1lDAaJUU3ETcKlCtdqluGr3Cy+LjKvP4QIQnFf0FEXL78THstIkZ6k6qhfUn7/WvyqSIf0cbTAKw2nQ=="],

    "turbo": ["turbo@2.10.13", "", { "optionalDependencies": { "@turbo/darwin-64": "2.10.13", "@turbo/darwin-arm64": "2.10.13", "@turbo/linux-64": "2.10.13", "@turbo/linux-arm64": "2.10.13", "@turbo/windows-64": "2.10.13", "@turbo/windows-arm64": "2.10.13" }, "bin": { "turbo": "bin/turbo" } }, "sha512-69MkPbjk+G8oyC7pC2DeBk0rPdbLz51wuH5eAT0Q4BVJkzq/b1XM4kUUidsARbmDjwIELSJwd1ezITULY9kWNw=="],

    "typescript": ["typescript@5.9.3", "", { "bin": { "tsc": "bin/tsc", "tsserver": "bin/tsserver" } }, "sha512-jl1vZzPDinLr9eUt3J/t7V6FgNEw9QjvBPdysz9KfQDD41fQrC2Y4vKQdiaUpFT4bXlb1RHhLpp8wtm6M5TgSw=="],

    "undici-types": ["undici-types@6.21.0", "", {}, "sha512-iwDZqg0QAGrg9Rav5H4n0M64c3mkR59cJ6wQp+7C4nI0gsmExaedaYLNO44eT4AtBBwjbTiGPMlt2Md0T9H9JQ=="],

    "zod": ["zod@4.6.5", "", {}, "sha512-v5l/aFXZQeai4awLbOpSoHecE9UiMrnfx75tEXLjNonXVARxQ5mOeipTjROUchszUNCqnE+hqAMujRsRHsut2Q=="],
  }
}
